
Microsoft Visual Studio Solution File, Format Version 12.00
# Visual Studio Version 17
VisualStudioVersion = 17.5.33530.505
MinimumVisualStudioVersion = 10.0.40219.1
Project("{FAE04EC0-301F-11D3-BF4B-00C04F79EFBC}") = "Netflix", "Netflix\Netflix.csproj", "{F116ACCE-9503-48F2-9FA8-212A7FDC3AB8}"
EndProject
Global
	GlobalSection(SolutionConfigurationPlatforms) = preSolution
		Debug|Any CPU = Debug|Any CPU
		Release|Any CPU = Release|Any CPU
	EndGlobalSection
	GlobalSection(ProjectConfigurationPlatforms) = postSolution
		{F116ACCE-9503-48F2-9FA8-212A7FDC3AB8}.Debug|Any CPU.ActiveCfg = Debug|Any CPU
		{F116ACCE-9503-48F2-9FA8-212A7FDC3AB8}.Debug|Any CPU.Build.0 = Debug|Any CPU
		{F116ACCE-9503-48F2-9FA8-212A7FDC3AB8}.Release|Any CPU.ActiveCfg = Release|Any CPU
		{F116ACCE-9503-48F2-9FA8-212A7FDC3AB8}.Release|Any CPU.Build.0 = Release|Any CPU
	EndGlobalSection
	GlobalSection(SolutionProperties) = preSolution
		HideSolutionNode = FALSE
	EndGlobalSection
	GlobalSection(ExtensibilityGlobals) = postSolution
		SolutionGuid = {3929AFD9-7963-4221-BA92-8875E4C29BBC}
	EndGlobalSection
EndGlobal
